// !$*UTF8*$!
{
	archiveVersion = 1;
	classes = {
	};
	objectVersion = 56;
	objects = {

/* Begin PBXBuildFile section */
		CF04FC712C61366300B322CB /* RealityKitContent in Frameworks */ = {isa = PBXBuildFile; productRef = CF04FC702C61366300B322CB /* RealityKitContent */; };
		CF04FC732C61366300B322CB /* BlackVisionApp.swift in Sources */ = {isa = PBXBuildFile; fileRef = CF04FC722C61366300B322CB /* BlackVisionApp.swift */; };
		CF04FC752C61366300B322CB /* ContentView.swift in Sources */ = {isa = PBXBuildFile; fileRef = CF04FC742C61366300B322CB /* ContentView.swift */; };
		CF04FC792C61366300B322CB /* ImageBasedLighting.skybox in Resources */ = {isa = PBXBuildFile; fileRef = CF04FC782C61366300B322CB /* ImageBasedLighting.skybox */; };
		CF04FC7B2C61366400B322CB /* Assets.xcassets in Resources */ = {isa = PBXBuildFile; fileRef = CF04FC7A2C61366400B322CB /* Assets.xcassets */; };
		CF04FC7E2C61366400B322CB /* Preview Assets.xcassets in Resources */ = {isa = PBXBuildFile; fileRef = CF04FC7D2C61366400B322CB /* Preview Assets.xcassets */; };
		CF6FFDF72C6170960094BDB3 /* ClockView.swift in Sources */ = {isa = PBXBuildFile; fileRef = CF6FFDF62C6170960094BDB3 /* ClockView.swift */; };
/* End PBXBuildFile section */

/* Begin PBXFileReference section */
		CF04FC6B2C61366300B322CB /* BlackVision.app */ = {isa = PBXFileReference; explicitFileType = wrapper.application; includeInIndex = 0; path = BlackVision.app; sourceTree = BUILT_PRODUCTS_DIR; };
		CF04FC6F2C61366300B322CB /* RealityKitContent */ = {isa = PBXFileReference; lastKnownFileType = wrapper; path = RealityKitContent; sourceTree = "<group>"; };
		CF04FC722C61366300B322CB /* BlackVisionApp.swift */ = {isa = PBXFileReference; lastKnownFileType = sourcecode.swift; path = BlackVisionApp.swift; sourceTree = "<group>"; };
		CF04FC742C61366300B322CB /* ContentView.swift */ = {isa = PBXFileReference; lastKnownFileType = sourcecode.swift; path = ContentView.swift; sourceTree = "<group>"; };
		CF04FC782C61366300B322CB /* ImageBasedLighting.skybox */ = {isa = PBXFileReference; lastKnownFileType = file.skybox; path = ImageBasedLighting.skybox; sourceTree = "<group>"; };
		CF04FC7A2C61366400B322CB /* Assets.xcassets */ = {isa = PBXFileReference; lastKnownFileType = folder.assetcatalog; path = Assets.xcassets; sourceTree = "<group>"; };
		CF04FC7D2C61366400B322CB /* Preview Assets.xcassets */ = {isa = PBXFileReference; lastKnownFileType = folder.assetcatalog; path = "Preview Assets.xcassets"; sourceTree = "<group>"; };
		CF04FC7F2C61366400B322CB /* Info.plist */ = {isa = PBXFileReference; lastKnownFileType = text.plist.xml; path = Info.plist; sourceTree = "<group>"; };
		CF6FFDF62C6170960094BDB3 /* ClockView.swift */ = {isa = PBXFileReference; lastKnownFileType = sourcecode.swift; path = ClockView.swift; sourceTree = "<group>"; };
/* End PBXFileReference section */

/* Begin PBXFrameworksBuildPhase section */
		CF04FC682C61366300B322CB /* Frameworks */ = {
			isa = PBXFrameworksBuildPhase;
			buildActionMask = 2147483647;
			files = (
				CF04FC712C61366300B322CB /* RealityKitContent in Frameworks */,
			);
			runOnlyForDeploymentPostprocessing = 0;
		};
/* End PBXFrameworksBuildPhase section */

/* Begin PBXGroup section */
		CF04FC622C61366300B322CB = {
			isa = PBXGroup;
			children = (
				CF04FC6D2C61366300B322CB /* BlackVision */,
				CF04FC6E2C61366300B322CB /* Packages */,
				CF04FC6C2C61366300B322CB /* Products */,
			);
			sourceTree = "<group>";
		};
		CF04FC6C2C61366300B322CB /* Products */ = {
			isa = PBXGroup;
			children = (
				CF04FC6B2C61366300B322CB /* BlackVision.app */,
			);
			name = Products;
			sourceTree = "<group>";
		};
		CF04FC6D2C61366300B322CB /* BlackVision */ = {
			isa = PBXGroup;
			children = (
				CF04FC722C61366300B322CB /* BlackVisionApp.swift */,
				CF04FC742C61366300B322CB /* ContentView.swift */,
				CF6FFDF62C6170960094BDB3 /* ClockView.swift */,
				CF04FC782C61366300B322CB /* ImageBasedLighting.skybox */,
				CF04FC7A2C61366400B322CB /* Assets.xcassets */,
				CF04FC7F2C61366400B322CB /* Info.plist */,
				CF04FC7C2C61366400B322CB /* Preview Content */,
			);
			path = BlackVision;
			sourceTree = "<group>";
		};
		CF04FC6E2C61366300B322CB /* Packages */ = {
			isa = PBXGroup;
			children = (
				CF04FC6F2C61366300B322CB /* RealityKitContent */,
			);
			path = Packages;
			sourceTree = "<group>";
		};
		CF04FC7C2C61366400B322CB /* Preview Content */ = {
			isa = PBXGroup;
			children = (
				CF04FC7D2C61366400B322CB /* Preview Assets.xcassets */,
			);
			path = "Preview Content";
			sourceTree = "<group>";
		};
/* End PBXGroup section */

/* Begin PBXNativeTarget section */
		CF04FC6A2C61366300B322CB /* BlackVision */ = {
			isa = PBXNativeTarget;
			buildConfigurationList = CF04FC822C61366400B322CB /* Build configuration list for PBXNativeTarget "BlackVision" */;
			buildPhases = (
				CF04FC672C61366300B322CB /* Sources */,
				CF04FC682C61366300B322CB /* Frameworks */,
				CF04FC692C61366300B322CB /* Resources */,
			);
			buildRules = (
			);
			dependencies = (
			);
			name = BlackVision;
			packageProductDependencies = (
				CF04FC702C61366300B322CB /* RealityKitContent */,
			);
			productName = BlackVision;
			productReference = CF04FC6B2C61366300B322CB /* BlackVision.app */;
			productType = "com.apple.product-type.application";
		};
/* End PBXNativeTarget section */

/* Begin PBXProject section */
		CF04FC632C61366300B322CB /* Project object */ = {
			isa = PBXProject;
			attributes = {
				BuildIndependentTargetsInParallel = 1;
				LastSwiftUpdateCheck = 1540;
				LastUpgradeCheck = 1540;
				TargetAttributes = {
					CF04FC6A2C61366300B322CB = {
						CreatedOnToolsVersion = 15.4;
					};
				};
			};
			buildConfigurationList = CF04FC662C61366300B322CB /* Build configuration list for PBXProject "BlackVision" */;
			compatibilityVersion = "Xcode 14.0";
			developmentRegion = en;
			hasScannedForEncodings = 0;
			knownRegions = (
				en,
				Base,
			);
			mainGroup = CF04FC622C61366300B322CB;
			productRefGroup = CF04FC6C2C61366300B322CB /* Products */;
			projectDirPath = "";
			projectRoot = "";
			targets = (
				CF04FC6A2C61366300B322CB /* BlackVision */,
			);
		};
/* End PBXProject section */

/* Begin PBXResourcesBuildPhase section */
		CF04FC692C61366300B322CB /* Resources */ = {
			isa = PBXResourcesBuildPhase;
			buildActionMask = 2147483647;
			files = (
				CF04FC7B2C61366400B322CB /* Assets.xcassets in Resources */,
				CF04FC7E2C61366400B322CB /* Preview Assets.xcassets in Resources */,
				CF04FC792C61366300B322CB /* ImageBasedLighting.skybox in Resources */,
			);
			runOnlyForDeploymentPostprocessing = 0;
		};
/* End PBXResourcesBuildPhase section */

/* Begin PBXSourcesBuildPhase section */
		CF04FC672C61366300B322CB /* Sources */ = {
			isa = PBXSourcesBuildPhase;
			buildActionMask = 2147483647;
			files = (
				CF04FC752C61366300B322CB /* ContentView.swift in Sources */,
				CF04FC732C61366300B322CB /* BlackVisionApp.swift in Sources */,
				CF6FFDF72C6170960094BDB3 /* ClockView.swift in Sources */,
			);
			runOnlyForDeploymentPostprocessing = 0;
		};
/* End PBXSourcesBuildPhase section */

/* Begin XCBuildConfiguration section */
		CF04FC802C61366400B322CB /* Debug */ = {
			isa = XCBuildConfiguration;
			buildSettings = {
				ALWAYS_SEARCH_USER_PATHS = NO;
				ASSETCATALOG_COMPILER_GENERATE_SWIFT_ASSET_SYMBOL_EXTENSIONS = YES;
				CLANG_ANALYZER_NONNULL = YES;
				CLANG_ANALYZER_NUMBER_OBJECT_CONVERSION = YES_AGGRESSIVE;
				CLANG_CXX_LANGUAGE_STANDARD = "gnu++20";
				CLANG_ENABLE_MODULES = YES;
				CLANG_ENABLE_OBJC_ARC = YES;
				CLANG_ENABLE_OBJC_WEAK = YES;
				CLANG_WARN_BLOCK_CAPTURE_AUTORELEASING = YES;
				CLANG_WARN_BOOL_CONVERSION = YES;
				CLANG_WARN_COMMA = YES;
				CLANG_WARN_CONSTANT_CONVERSION = YES;
				CLANG_WARN_DEPRECATED_OBJC_IMPLEMENTATIONS = YES;
				CLANG_WARN_DIRECT_OBJC_ISA_USAGE = YES_ERROR;
				CLANG_WARN_DOCUMENTATION_COMMENTS = YES;
				CLANG_WARN_EMPTY_BODY = YES;
				CLANG_WARN_ENUM_CONVERSION = YES;
				CLANG_WARN_INFINITE_RECURSION = YES;
				CLANG_WARN_INT_CONVERSION = YES;
				CLANG_WARN_NON_LITERAL_NULL_CONVERSION = YES;
				CLANG_WARN_OBJC_IMPLICIT_RETAIN_SELF = YES;
				CLANG_WARN_OBJC_LITERAL_CONVERSION = YES;
				CLANG_WARN_OBJC_ROOT_CLASS = YES_ERROR;
				CLANG_WARN_QUOTED_INCLUDE_IN_FRAMEWORK_HEADER = YES;
				CLANG_WARN_RANGE_LOOP_ANALYSIS = YES;
				CLANG_WARN_STRICT_PROTOTYPES = YES;
				CLANG_WARN_SUSPICIOUS_MOVE = YES;
				CLANG_WARN_UNGUARDED_AVAILABILITY = YES_AGGRESSIVE;
				CLANG_WARN_UNREACHABLE_CODE = YES;
				CLANG_WARN__DUPLICATE_METHOD_MATCH = YES;
				COPY_PHASE_STRIP = NO;
				DEBUG_INFORMATION_FORMAT = dwarf;
				ENABLE_STRICT_OBJC_MSGSEND = YES;
				ENABLE_TESTABILITY = YES;
				ENABLE_USER_SCRIPT_SANDBOXING = YES;
				GCC_C_LANGUAGE_STANDARD = gnu17;
				GCC_DYNAMIC_NO_PIC = NO;
				GCC_NO_COMMON_BLOCKS = YES;
				GCC_OPTIMIZATION_LEVEL = 0;
				GCC_PREPROCESSOR_DEFINITIONS = (
					"DEBUG=1",
					"$(inherited)",
				);
				GCC_WARN_64_TO_32_BIT_CONVERSION = YES;
				GCC_WARN_ABOUT_RETURN_TYPE = YES_ERROR;
				GCC_WARN_UNDECLARED_SELECTOR = YES;
				GCC_WARN_UNINITIALIZED_AUTOS = YES_AGGRESSIVE;
				GCC_WARN_UNUSED_FUNCTION = YES;
				GCC_WARN_UNUSED_VARIABLE = YES;
				LOCALIZATION_PREFERS_STRING_CATALOGS = YES;
				MTL_ENABLE_DEBUG_INFO = INCLUDE_SOURCE;
				MTL_FAST_MATH = YES;
				ONLY_ACTIVE_ARCH = YES;
				SDKROOT = xros;
				SWIFT_ACTIVE_COMPILATION_CONDITIONS = "DEBUG $(inherited)";
				SWIFT_OPTIMIZATION_LEVEL = "-Onone";
				XROS_DEPLOYMENT_TARGET = 1.2;
			};
			name = Debug;
		};
		CF04FC812C61366400B322CB /* Release */ = {
			isa = XCBuildConfiguration;
			buildSettings = {
				ALWAYS_SEARCH_USER_PATHS = NO;
				ASSETCATALOG_COMPILER_GENERATE_SWIFT_ASSET_SYMBOL_EXTENSIONS = YES;
				CLANG_ANALYZER_NONNULL = YES;
				CLANG_ANALYZER_NUMBER_OBJECT_CONVERSION = YES_AGGRESSIVE;
				CLANG_CXX_LANGUAGE_STANDARD = "gnu++20";
				CLANG_ENABLE_MODULES = YES;
				CLANG_ENABLE_OBJC_ARC = YES;
				CLANG_ENABLE_OBJC_WEAK = YES;
				CLANG_WARN_BLOCK_CAPTURE_AUTORELEASING = YES;
				CLANG_WARN_BOOL_CONVERSION = YES;
				CLANG_WARN_COMMA = YES;
				CLANG_WARN_CONSTANT_CONVERSION = YES;
				CLANG_WARN_DEPRECATED_OBJC_IMPLEMENTATIONS = YES;
				CLANG_WARN_DIRECT_OBJC_ISA_USAGE = YES_ERROR;
				CLANG_WARN_DOCUMENTATION_COMMENTS = YES;
				CLANG_WARN_EMPTY_BODY = YES;
				CLANG_WARN_ENUM_CONVERSION = YES;
				CLANG_WARN_INFINITE_RECURSION = YES;
				CLANG_WARN_INT_CONVERSION = YES;
				CLANG_WARN_NON_LITERAL_NULL_CONVERSION = YES;
				CLANG_WARN_OBJC_IMPLICIT_RETAIN_SELF = YES;
				CLANG_WARN_OBJC_LITERAL_CONVERSION = YES;
				CLANG_WARN_OBJC_ROOT_CLASS = YES_ERROR;
				CLANG_WARN_QUOTED_INCLUDE_IN_FRAMEWORK_HEADER = YES;
				CLANG_WARN_RANGE_LOOP_ANALYSIS = YES;
				CLANG_WARN_STRICT_PROTOTYPES = YES;
				CLANG_WARN_SUSPICIOUS_MOVE = YES;
				CLANG_WARN_UNGUARDED_AVAILABILITY = YES_AGGRESSIVE;
				CLANG_WARN_UNREACHABLE_CODE = YES;
				CLANG_WARN__DUPLICATE_METHOD_MATCH = YES;
				COPY_PHASE_STRIP = NO;
				DEBUG_INFORMATION_FORMAT = "dwarf-with-dsym";
				ENABLE_NS_ASSERTIONS = NO;
				ENABLE_STRICT_OBJC_MSGSEND = YES;
				ENABLE_USER_SCRIPT_SANDBOXING = YES;
				GCC_C_LANGUAGE_STANDARD = gnu17;
				GCC_NO_COMMON_BLOCKS = YES;
				GCC_WARN_64_TO_32_BIT_CONVERSION = YES;
				GCC_WARN_ABOUT_RETURN_TYPE = YES_ERROR;
				GCC_WARN_UNDECLARED_SELECTOR = YES;
				GCC_WARN_UNINITIALIZED_AUTOS = YES_AGGRESSIVE;
				GCC_WARN_UNUSED_FUNCTION = YES;
				GCC_WARN_UNUSED_VARIABLE = YES;
				LOCALIZATION_PREFERS_STRING_CATALOGS = YES;
				MTL_ENABLE_DEBUG_INFO = NO;
				MTL_FAST_MATH = YES;
				SDKROOT = xros;
				SWIFT_COMPILATION_MODE = wholemodule;
				VALIDATE_PRODUCT = YES;
				XROS_DEPLOYMENT_TARGET = 1.2;
			};
			name = Release;
		};
		CF04FC832C61366400B322CB /* Debug */ = {
			isa = XCBuildConfiguration;
			buildSettings = {
				ASSETCATALOG_COMPILER_APPICON_NAME = AppIcon;
				ASSETCATALOG_COMPILER_GLOBAL_ACCENT_COLOR_NAME = AccentColor;
				CODE_SIGN_STYLE = Automatic;
				CURRENT_PROJECT_VERSION = 1;
				DEVELOPMENT_ASSET_PATHS = "\"BlackVision/Preview Content\"";
				DEVELOPMENT_TEAM = WYVW2UU4RR;
				ENABLE_PREVIEWS = YES;
				GENERATE_INFOPLIST_FILE = YES;
				INFOPLIST_FILE = "$(TARGET_NAME)/Info.plist";
				LD_RUNPATH_SEARCH_PATHS = (
					"$(inherited)",
					"@executable_path/Frameworks",
				);
				MARKETING_VERSION = 1.0;
				PRODUCT_BUNDLE_IDENTIFIER = "testes-de-funcionalidaes.BlackVision";
				PRODUCT_NAME = "$(TARGET_NAME)";
				SUPPORTED_PLATFORMS = "xros xrsimulator";
				SWIFT_EMIT_LOC_STRINGS = YES;
				SWIFT_VERSION = 5.0;
				TARGETED_DEVICE_FAMILY = "1,2,7";
			};
			name = Debug;
		};
		CF04FC842C61366400B322CB /* Release */ = {
			isa = XCBuildConfiguration;
			buildSettings = {
				ASSETCATALOG_COMPILER_APPICON_NAME = AppIcon;
				ASSETCATALOG_COMPILER_GLOBAL_ACCENT_COLOR_NAME = AccentColor;
				CODE_SIGN_STYLE = Automatic;
				CURRENT_PROJECT_VERSION = 1;
				DEVELOPMENT_ASSET_PATHS = "\"BlackVision/Preview Content\"";
				DEVELOPMENT_TEAM = WYVW2UU4RR;
				ENABLE_PREVIEWS = YES;
				GENERATE_INFOPLIST_FILE = YES;
				INFOPLIST_FILE = "$(TARGET_NAME)/Info.plist";
				LD_RUNPATH_SEARCH_PATHS = (
					"$(inherited)",
					"@executable_path/Frameworks",
				);
				MARKETING_VERSION = 1.0;
				PRODUCT_BUNDLE_IDENTIFIER = "testes-de-funcionalidaes.BlackVision";
				PRODUCT_NAME = "$(TARGET_NAME)";
				SUPPORTED_PLATFORMS = "xros xrsimulator";
				SWIFT_EMIT_LOC_STRINGS = YES;
				SWIFT_VERSION = 5.0;
				TARGETED_DEVICE_FAMILY = "1,2,7";
			};
			name = Release;
		};
/* End XCBuildConfiguration section */

/* Begin XCConfigurationList section */
		CF04FC662C61366300B322CB /* Build configuration list for PBXProject "BlackVision" */ = {
			isa = XCConfigurationList;
			buildConfigurations = (
				CF04FC802C61366400B322CB /* Debug */,
				CF04FC812C61366400B322CB /* Release */,
			);
			defaultConfigurationIsVisible = 0;
			defaultConfigurationName = Release;
		};
		CF04FC822C61366400B322CB /* Build configuration list for PBXNativeTarget "BlackVision" */ = {
			isa = XCConfigurationList;
			buildConfigurations = (
				CF04FC832C61366400B322CB /* Debug */,
				CF04FC842C61366400B322CB /* Release */,
			);
			defaultConfigurationIsVisible = 0;
			defaultConfigurationName = Release;
		};
/* End XCConfigurationList section */

/* Begin XCSwiftPackageProductDependency section */
		CF04FC702C61366300B322CB /* RealityKitContent */ = {
			isa = XCSwiftPackageProductDependency;
			productName = RealityKitContent;
		};
/* End XCSwiftPackageProductDependency section */
	};
	rootObject = CF04FC632C61366300B322CB /* Project object */;
}
